
Microsoft Visual Studio Solution File, Format Version 12.00
# Visual Studio Version 18
VisualStudioVersion = 18.3.11505.172
MinimumVisualStudioVersion = 10.0.40219.1
Project("{8BC9CEB8-8B4A-11D0-8D11-00A0C91BC942}") = "CppForGames", "CppForGames\CppForGames.vcxproj", "{32507CD9-4C03-4F86-890E-558F2A506D5E}"
EndProject
Project("{8BC9CEB8-8B4A-11D0-8D11-00A0C91BC942}") = "Hello_World", "..\Hello_World\Hello_World\Hello_World.vcxproj", "{341F6769-CD19-4169-A21A-0F09E30D4515}"
EndProject
Project("{8BC9CEB8-8B4A-11D0-8D11-00A0C91BC942}") = "Build Process", "Build Process\Build Process.vcxproj", "{0EBE275D-BE6D-4DAD-9AA7-D650DC6369B7}"
EndProject
Project("{8BC9CEB8-8B4A-11D0-8D11-00A0C91BC942}") = "IO", "IO\IO.vcxproj", "{CFD58C9E-E64F-43CA-AF8B-B44932512819}"
EndProject
Project("{8BC9CEB8-8B4A-11D0-8D11-00A0C91BC942}") = "Greeting", "Greeting\Greeting.vcxproj", "{4DBA5417-6A0B-4ED8-ACDF-363799042E28}"
EndProject
Project("{8BC9CEB8-8B4A-11D0-8D11-00A0C91BC942}") = "File IO", "File IO\File IO.vcxproj", "{5A71CE36-2C0C-44D5-9714-31D8F664FA30}"
EndProject
Project("{8BC9CEB8-8B4A-11D0-8D11-00A0C91BC942}") = "Enums", "Enums\Enums.vcxproj", "{695B7FB5-3DFF-421A-92E9-573530F33AF2}"
EndProject
Project("{8BC9CEB8-8B4A-11D0-8D11-00A0C91BC942}") = "Type conversion", "Type conversion\Type conversion.vcxproj", "{7E85F9D9-BCA5-4244-B33C-B680595844A3}"
EndProject
Project("{8BC9CEB8-8B4A-11D0-8D11-00A0C91BC942}") = "Type Conversion Assignment", "Type Conversion Assignment\Type Conversion Assignment.vcxproj", "{FD2272F8-0EF7-4C30-B3C0-0CA99F6616EE}"
EndProject
Project("{8BC9CEB8-8B4A-11D0-8D11-00A0C91BC942}") = "Simple Calculator", "Simple Calculator\Simple Calculator.vcxproj", "{BD78F928-365D-43E6-A5A6-4E613FE85287}"
EndProject
Project("{8BC9CEB8-8B4A-11D0-8D11-00A0C91BC942}") = "Pointers", "Pointers\Pointers.vcxproj", "{592D4AAC-3A59-4A8C-A138-6F822BD4AC4B}"
EndProject
Project("{8BC9CEB8-8B4A-11D0-8D11-00A0C91BC942}") = "Array", "Array\Array.vcxproj", "{AFFBA603-7E2F-4BCE-856D-629A3958B2C1}"
EndProject
Project("{8BC9CEB8-8B4A-11D0-8D11-00A0C91BC942}") = "Swap", "Swap\Swap.vcxproj", "{26BB44D7-6D6E-440D-874F-56E9C0958D5C}"
EndProject
Project("{8BC9CEB8-8B4A-11D0-8D11-00A0C91BC942}") = "Dynamic array", "Dynamic array\Dynamic array.vcxproj", "{26037962-3401-4FC0-990C-01F4868309AD}"
EndProject
Project("{8BC9CEB8-8B4A-11D0-8D11-00A0C91BC942}") = "Shared Pointers", "Shared Pointers\Shared Pointers.vcxproj", "{3133787D-A3A9-4A93-86C1-7C3038FACABE}"
EndProject
Project("{8BC9CEB8-8B4A-11D0-8D11-00A0C91BC942}") = "Operations", "Operations\Operations.vcxproj", "{76C1E89A-CA18-47CC-B390-34BC18CB1344}"
EndProject
Project("{8BC9CEB8-8B4A-11D0-8D11-00A0C91BC942}") = "Enhanced Calculator", "Enhanced Calculator\Enhanced Calculator.vcxproj", "{274E957A-6B68-4B8A-85ED-45BC7AEFAF5B}"
EndProject
Project("{8BC9CEB8-8B4A-11D0-8D11-00A0C91BC942}") = "Bitwise Operators", "Bitwise Operators\Bitwise Operators.vcxproj", "{AD708ACD-6191-4A0D-ABDB-73C1A8304DE8}"
EndProject
Project("{8BC9CEB8-8B4A-11D0-8D11-00A0C91BC942}") = "Bitwise Manipulation", "Bitwise Manipulation\Bitwise Manipulation.vcxproj", "{7A6647A9-3500-4EC7-98A4-F7A81692FCD9}"
EndProject
Project("{8BC9CEB8-8B4A-11D0-8D11-00A0C91BC942}") = "Flow Control", "Flow Control\Flow Control.vcxproj", "{4D758E3E-E829-4ABD-A516-401E9DDF5084}"
EndProject
Project("{8BC9CEB8-8B4A-11D0-8D11-00A0C91BC942}") = "Area Calculator", "Area Calculator\Area Calculator.vcxproj", "{D38C285F-1EB6-4C11-AE1A-1DDF3DA544FE}"
EndProject
Project("{8BC9CEB8-8B4A-11D0-8D11-00A0C91BC942}") = "Prime Number", "Prime Number\Prime Number.vcxproj", "{FB0F1123-8DAE-4ADA-A5D2-DD0604746AD6}"
EndProject
Project("{8BC9CEB8-8B4A-11D0-8D11-00A0C91BC942}") = "Functions", "Functions\Functions.vcxproj", "{DACA9AA8-1F69-4AD6-870F-E1555EE7FCFD}"
EndProject
Project("{8BC9CEB8-8B4A-11D0-8D11-00A0C91BC942}") = "Factorial", "Factorial\Factorial.vcxproj", "{1BB5553E-3658-42F6-A672-538340D0337D}"
EndProject
Project("{8BC9CEB8-8B4A-11D0-8D11-00A0C91BC942}") = "Function Templates", "Function Templates\Function Templates.vcxproj", "{B0CF46E3-4638-4AC3-A7B2-6FE37567E85B}"
EndProject
Project("{8BC9CEB8-8B4A-11D0-8D11-00A0C91BC942}") = "Lambdas", "Lambdas\Lambdas.vcxproj", "{942A29E5-573D-493B-B524-27F752EC3F59}"
EndProject
Project("{8BC9CEB8-8B4A-11D0-8D11-00A0C91BC942}") = "Statistics Calculator", "Statistics Calculator\Statistics Calculator.vcxproj", "{A5526DC8-7817-4631-BB6D-242AE7D4C7C6}"
EndProject
Project("{8BC9CEB8-8B4A-11D0-8D11-00A0C91BC942}") = "Lambda Functions", "Lambda Functions\Lambda Functions.vcxproj", "{AB7263DC-DA4C-4F5B-961C-1BA984C38D3D}"
EndProject
Project("{8BC9CEB8-8B4A-11D0-8D11-00A0C91BC942}") = "Classes", "Classes\Classes.vcxproj", "{2CAB3E07-55A0-4D5C-9A8E-F7F2A13887AE}"
EndProject
Project("{8BC9CEB8-8B4A-11D0-8D11-00A0C91BC942}") = "Templates", "Templates\Templates.vcxproj", "{06FBF46C-D0E4-4063-B539-4EA9B403F955}"
EndProject
Project("{8BC9CEB8-8B4A-11D0-8D11-00A0C91BC942}") = "Class Templates", "Class Templates\Class Templates.vcxproj", "{BCF21B40-8966-4D7E-A76D-D4110D40DD7B}"
EndProject
Project("{8BC9CEB8-8B4A-11D0-8D11-00A0C91BC942}") = "Move Semantics", "Move Semantics\Move Semantics.vcxproj", "{2240A142-DFCD-459A-846B-A02145F8B47C}"
EndProject
Project("{8BC9CEB8-8B4A-11D0-8D11-00A0C91BC942}") = "Polymorphic Shape", "Polymorphic Shape\Polymorphic Shape.vcxproj", "{2DEC9E32-6ED0-4A4E-AEFF-22DAFED5CC65}"
EndProject
Project("{8BC9CEB8-8B4A-11D0-8D11-00A0C91BC942}") = "Dynamic Array Template", "Dynamic Array Template\Dynamic Array Template.vcxproj", "{B70716F6-9D4A-4EFC-86E0-2848143C766D}"
EndProject
Project("{8BC9CEB8-8B4A-11D0-8D11-00A0C91BC942}") = "Operator Overloading", "Operator Overloading\Operator Overloading.vcxproj", "{624148A9-3A11-4C77-B705-5E8666C603D3}"
EndProject
Project("{8BC9CEB8-8B4A-11D0-8D11-00A0C91BC942}") = "User Defined Literal Suffix", "User Defined Literal Suffix\User Defined Literal Suffix.vcxproj", "{B871D5D5-11FB-4B2B-989F-81FED736C05D}"
EndProject
Project("{8BC9CEB8-8B4A-11D0-8D11-00A0C91BC942}") = "Points and Directions", "Points and Directions\Points and Directions.vcxproj", "{9EE4DF18-3B08-46CB-A69E-F1D92F6A68CF}"
EndProject
Project("{8BC9CEB8-8B4A-11D0-8D11-00A0C91BC942}") = "User Defined Literals", "User Defined Literals\User Defined Literals.vcxproj", "{F76EB41E-48C3-48F4-9B75-84853762ECA4}"
EndProject
Project("{8BC9CEB8-8B4A-11D0-8D11-00A0C91BC942}") = "Traditional Error Handling", "Traditional Error Handling\Traditional Error Handling.vcxproj", "{8D0B78D9-F936-40C7-AAD1-DB6FAE9EBAEA}"
EndProject
Project("{8BC9CEB8-8B4A-11D0-8D11-00A0C91BC942}") = "Exceptions", "Exceptions\Exceptions.vcxproj", "{DBA5EEE8-C84A-4C77-9CAE-C44743D2B359}"
EndProject
Project("{8BC9CEB8-8B4A-11D0-8D11-00A0C91BC942}") = "Advanced Exception Techniques", "Advanced Exception Techniques\Advanced Exception Techniques.vcxproj", "{66B96167-A7C5-48D4-9493-5E1C8C3AC406}"
EndProject
Project("{8BC9CEB8-8B4A-11D0-8D11-00A0C91BC942}") = "Traditional Error Handling Assignment", "Traditional Error Handling Assignment\Traditional Error Handling Assignment.vcxproj", "{80B7EBF8-2A80-42B4-9D9C-BAC2290344F6}"
EndProject
Global
	GlobalSection(SolutionConfigurationPlatforms) = preSolution
		Debug|x64 = Debug|x64
		Debug|x86 = Debug|x86
		Release|x64 = Release|x64
		Release|x86 = Release|x86
	EndGlobalSection
	GlobalSection(ProjectConfigurationPlatforms) = postSolution
		{32507CD9-4C03-4F86-890E-558F2A506D5E}.Debug|x64.ActiveCfg = Debug|x64
		{32507CD9-4C03-4F86-890E-558F2A506D5E}.Debug|x64.Build.0 = Debug|x64
		{32507CD9-4C03-4F86-890E-558F2A506D5E}.Debug|x86.ActiveCfg = Debug|Win32
		{32507CD9-4C03-4F86-890E-558F2A506D5E}.Debug|x86.Build.0 = Debug|Win32
		{32507CD9-4C03-4F86-890E-558F2A506D5E}.Release|x64.ActiveCfg = Release|x64
		{32507CD9-4C03-4F86-890E-558F2A506D5E}.Release|x64.Build.0 = Release|x64
		{32507CD9-4C03-4F86-890E-558F2A506D5E}.Release|x86.ActiveCfg = Release|Win32
		{32507CD9-4C03-4F86-890E-558F2A506D5E}.Release|x86.Build.0 = Release|Win32
		{341F6769-CD19-4169-A21A-0F09E30D4515}.Debug|x64.ActiveCfg = Debug|x64
		{341F6769-CD19-4169-A21A-0F09E30D4515}.Debug|x64.Build.0 = Debug|x64
		{341F6769-CD19-4169-A21A-0F09E30D4515}.Debug|x86.ActiveCfg = Debug|Win32
		{341F6769-CD19-4169-A21A-0F09E30D4515}.Debug|x86.Build.0 = Debug|Win32
		{341F6769-CD19-4169-A21A-0F09E30D4515}.Release|x64.ActiveCfg = Release|x64
		{341F6769-CD19-4169-A21A-0F09E30D4515}.Release|x64.Build.0 = Release|x64
		{341F6769-CD19-4169-A21A-0F09E30D4515}.Release|x86.ActiveCfg = Release|Win32
		{341F6769-CD19-4169-A21A-0F09E30D4515}.Release|x86.Build.0 = Release|Win32
		{0EBE275D-BE6D-4DAD-9AA7-D650DC6369B7}.Debug|x64.ActiveCfg = Debug|x64
		{0EBE275D-BE6D-4DAD-9AA7-D650DC6369B7}.Debug|x64.Build.0 = Debug|x64
		{0EBE275D-BE6D-4DAD-9AA7-D650DC6369B7}.Debug|x86.ActiveCfg = Debug|Win32
		{0EBE275D-BE6D-4DAD-9AA7-D650DC6369B7}.Debug|x86.Build.0 = Debug|Win32
		{0EBE275D-BE6D-4DAD-9AA7-D650DC6369B7}.Release|x64.ActiveCfg = Release|x64
		{0EBE275D-BE6D-4DAD-9AA7-D650DC6369B7}.Release|x64.Build.0 = Release|x64
		{0EBE275D-BE6D-4DAD-9AA7-D650DC6369B7}.Release|x86.ActiveCfg = Release|Win32
		{0EBE275D-BE6D-4DAD-9AA7-D650DC6369B7}.Release|x86.Build.0 = Release|Win32
		{CFD58C9E-E64F-43CA-AF8B-B44932512819}.Debug|x64.ActiveCfg = Debug|x64
		{CFD58C9E-E64F-43CA-AF8B-B44932512819}.Debug|x64.Build.0 = Debug|x64
		{CFD58C9E-E64F-43CA-AF8B-B44932512819}.Debug|x86.ActiveCfg = Debug|Win32
		{CFD58C9E-E64F-43CA-AF8B-B44932512819}.Debug|x86.Build.0 = Debug|Win32
		{CFD58C9E-E64F-43CA-AF8B-B44932512819}.Release|x64.ActiveCfg = Release|x64
		{CFD58C9E-E64F-43CA-AF8B-B44932512819}.Release|x64.Build.0 = Release|x64
		{CFD58C9E-E64F-43CA-AF8B-B44932512819}.Release|x86.ActiveCfg = Release|Win32
		{CFD58C9E-E64F-43CA-AF8B-B44932512819}.Release|x86.Build.0 = Release|Win32
		{4DBA5417-6A0B-4ED8-ACDF-363799042E28}.Debug|x64.ActiveCfg = Debug|x64
		{4DBA5417-6A0B-4ED8-ACDF-363799042E28}.Debug|x64.Build.0 = Debug|x64
		{4DBA5417-6A0B-4ED8-ACDF-363799042E28}.Debug|x86.ActiveCfg = Debug|Win32
		{4DBA5417-6A0B-4ED8-ACDF-363799042E28}.Debug|x86.Build.0 = Debug|Win32
		{4DBA5417-6A0B-4ED8-ACDF-363799042E28}.Release|x64.ActiveCfg = Release|x64
		{4DBA5417-6A0B-4ED8-ACDF-363799042E28}.Release|x64.Build.0 = Release|x64
		{4DBA5417-6A0B-4ED8-ACDF-363799042E28}.Release|x86.ActiveCfg = Release|Win32
		{4DBA5417-6A0B-4ED8-ACDF-363799042E28}.Release|x86.Build.0 = Release|Win32
		{5A71CE36-2C0C-44D5-9714-31D8F664FA30}.Debug|x64.ActiveCfg = Debug|x64
		{5A71CE36-2C0C-44D5-9714-31D8F664FA30}.Debug|x64.Build.0 = Debug|x64
		{5A71CE36-2C0C-44D5-9714-31D8F664FA30}.Debug|x86.ActiveCfg = Debug|Win32
		{5A71CE36-2C0C-44D5-9714-31D8F664FA30}.Debug|x86.Build.0 = Debug|Win32
		{5A71CE36-2C0C-44D5-9714-31D8F664FA30}.Release|x64.ActiveCfg = Release|x64
		{5A71CE36-2C0C-44D5-9714-31D8F664FA30}.Release|x64.Build.0 = Release|x64
		{5A71CE36-2C0C-44D5-9714-31D8F664FA30}.Release|x86.ActiveCfg = Release|Win32
		{5A71CE36-2C0C-44D5-9714-31D8F664FA30}.Release|x86.Build.0 = Release|Win32
		{695B7FB5-3DFF-421A-92E9-573530F33AF2}.Debug|x64.ActiveCfg = Debug|x64
		{695B7FB5-3DFF-421A-92E9-573530F33AF2}.Debug|x64.Build.0 = Debug|x64
		{695B7FB5-3DFF-421A-92E9-573530F33AF2}.Debug|x86.ActiveCfg = Debug|Win32
		{695B7FB5-3DFF-421A-92E9-573530F33AF2}.Debug|x86.Build.0 = Debug|Win32
		{695B7FB5-3DFF-421A-92E9-573530F33AF2}.Release|x64.ActiveCfg = Release|x64
		{695B7FB5-3DFF-421A-92E9-573530F33AF2}.Release|x64.Build.0 = Release|x64
		{695B7FB5-3DFF-421A-92E9-573530F33AF2}.Release|x86.ActiveCfg = Release|Win32
		{695B7FB5-3DFF-421A-92E9-573530F33AF2}.Release|x86.Build.0 = Release|Win32
		{7E85F9D9-BCA5-4244-B33C-B680595844A3}.Debug|x64.ActiveCfg = Debug|x64
		{7E85F9D9-BCA5-4244-B33C-B680595844A3}.Debug|x64.Build.0 = Debug|x64
		{7E85F9D9-BCA5-4244-B33C-B680595844A3}.Debug|x86.ActiveCfg = Debug|Win32
		{7E85F9D9-BCA5-4244-B33C-B680595844A3}.Debug|x86.Build.0 = Debug|Win32
		{7E85F9D9-BCA5-4244-B33C-B680595844A3}.Release|x64.ActiveCfg = Release|x64
		{7E85F9D9-BCA5-4244-B33C-B680595844A3}.Release|x64.Build.0 = Release|x64
		{7E85F9D9-BCA5-4244-B33C-B680595844A3}.Release|x86.ActiveCfg = Release|Win32
		{7E85F9D9-BCA5-4244-B33C-B680595844A3}.Release|x86.Build.0 = Release|Win32
		{FD2272F8-0EF7-4C30-B3C0-0CA99F6616EE}.Debug|x64.ActiveCfg = Debug|x64
		{FD2272F8-0EF7-4C30-B3C0-0CA99F6616EE}.Debug|x64.Build.0 = Debug|x64
		{FD2272F8-0EF7-4C30-B3C0-0CA99F6616EE}.Debug|x86.ActiveCfg = Debug|Win32
		{FD2272F8-0EF7-4C30-B3C0-0CA99F6616EE}.Debug|x86.Build.0 = Debug|Win32
		{FD2272F8-0EF7-4C30-B3C0-0CA99F6616EE}.Release|x64.ActiveCfg = Release|x64
		{FD2272F8-0EF7-4C30-B3C0-0CA99F6616EE}.Release|x64.Build.0 = Release|x64
		{FD2272F8-0EF7-4C30-B3C0-0CA99F6616EE}.Release|x86.ActiveCfg = Release|Win32
		{FD2272F8-0EF7-4C30-B3C0-0CA99F6616EE}.Release|x86.Build.0 = Release|Win32
		{BD78F928-365D-43E6-A5A6-4E613FE85287}.Debug|x64.ActiveCfg = Debug|x64
		{BD78F928-365D-43E6-A5A6-4E613FE85287}.Debug|x64.Build.0 = Debug|x64
		{BD78F928-365D-43E6-A5A6-4E613FE85287}.Debug|x86.ActiveCfg = Debug|Win32
		{BD78F928-365D-43E6-A5A6-4E613FE85287}.Debug|x86.Build.0 = Debug|Win32
		{BD78F928-365D-43E6-A5A6-4E613FE85287}.Release|x64.ActiveCfg = Release|x64
		{BD78F928-365D-43E6-A5A6-4E613FE85287}.Release|x64.Build.0 = Release|x64
		{BD78F928-365D-43E6-A5A6-4E613FE85287}.Release|x86.ActiveCfg = Release|Win32
		{BD78F928-365D-43E6-A5A6-4E613FE85287}.Release|x86.Build.0 = Release|Win32
		{592D4AAC-3A59-4A8C-A138-6F822BD4AC4B}.Debug|x64.ActiveCfg = Debug|x64
		{592D4AAC-3A59-4A8C-A138-6F822BD4AC4B}.Debug|x64.Build.0 = Debug|x64
		{592D4AAC-3A59-4A8C-A138-6F822BD4AC4B}.Debug|x86.ActiveCfg = Debug|Win32
		{592D4AAC-3A59-4A8C-A138-6F822BD4AC4B}.Debug|x86.Build.0 = Debug|Win32
		{592D4AAC-3A59-4A8C-A138-6F822BD4AC4B}.Release|x64.ActiveCfg = Release|x64
		{592D4AAC-3A59-4A8C-A138-6F822BD4AC4B}.Release|x64.Build.0 = Release|x64
		{592D4AAC-3A59-4A8C-A138-6F822BD4AC4B}.Release|x86.ActiveCfg = Release|Win32
		{592D4AAC-3A59-4A8C-A138-6F822BD4AC4B}.Release|x86.Build.0 = Release|Win32
		{AFFBA603-7E2F-4BCE-856D-629A3958B2C1}.Debug|x64.ActiveCfg = Debug|x64
		{AFFBA603-7E2F-4BCE-856D-629A3958B2C1}.Debug|x64.Build.0 = Debug|x64
		{AFFBA603-7E2F-4BCE-856D-629A3958B2C1}.Debug|x86.ActiveCfg = Debug|Win32
		{AFFBA603-7E2F-4BCE-856D-629A3958B2C1}.Debug|x86.Build.0 = Debug|Win32
		{AFFBA603-7E2F-4BCE-856D-629A3958B2C1}.Release|x64.ActiveCfg = Release|x64
		{AFFBA603-7E2F-4BCE-856D-629A3958B2C1}.Release|x64.Build.0 = Release|x64
		{AFFBA603-7E2F-4BCE-856D-629A3958B2C1}.Release|x86.ActiveCfg = Release|Win32
		{AFFBA603-7E2F-4BCE-856D-629A3958B2C1}.Release|x86.Build.0 = Release|Win32
		{26BB44D7-6D6E-440D-874F-56E9C0958D5C}.Debug|x64.ActiveCfg = Debug|x64
		{26BB44D7-6D6E-440D-874F-56E9C0958D5C}.Debug|x64.Build.0 = Debug|x64
		{26BB44D7-6D6E-440D-874F-56E9C0958D5C}.Debug|x86.ActiveCfg = Debug|Win32
		{26BB44D7-6D6E-440D-874F-56E9C0958D5C}.Debug|x86.Build.0 = Debug|Win32
		{26BB44D7-6D6E-440D-874F-56E9C0958D5C}.Release|x64.ActiveCfg = Release|x64
		{26BB44D7-6D6E-440D-874F-56E9C0958D5C}.Release|x64.Build.0 = Release|x64
		{26BB44D7-6D6E-440D-874F-56E9C0958D5C}.Release|x86.ActiveCfg = Release|Win32
		{26BB44D7-6D6E-440D-874F-56E9C0958D5C}.Release|x86.Build.0 = Release|Win32
		{26037962-3401-4FC0-990C-01F4868309AD}.Debug|x64.ActiveCfg = Debug|x64
		{26037962-3401-4FC0-990C-01F4868309AD}.Debug|x64.Build.0 = Debug|x64
		{26037962-3401-4FC0-990C-01F4868309AD}.Debug|x86.ActiveCfg = Debug|Win32
		{26037962-3401-4FC0-990C-01F4868309AD}.Debug|x86.Build.0 = Debug|Win32
		{26037962-3401-4FC0-990C-01F4868309AD}.Release|x64.ActiveCfg = Release|x64
		{26037962-3401-4FC0-990C-01F4868309AD}.Release|x64.Build.0 = Release|x64
		{26037962-3401-4FC0-990C-01F4868309AD}.Release|x86.ActiveCfg = Release|Win32
		{26037962-3401-4FC0-990C-01F4868309AD}.Release|x86.Build.0 = Release|Win32
		{3133787D-A3A9-4A93-86C1-7C3038FACABE}.Debug|x64.ActiveCfg = Debug|x64
		{3133787D-A3A9-4A93-86C1-7C3038FACABE}.Debug|x64.Build.0 = Debug|x64
		{3133787D-A3A9-4A93-86C1-7C3038FACABE}.Debug|x86.ActiveCfg = Debug|Win32
		{3133787D-A3A9-4A93-86C1-7C3038FACABE}.Debug|x86.Build.0 = Debug|Win32
		{3133787D-A3A9-4A93-86C1-7C3038FACABE}.Release|x64.ActiveCfg = Release|x64
		{3133787D-A3A9-4A93-86C1-7C3038FACABE}.Release|x64.Build.0 = Release|x64
		{3133787D-A3A9-4A93-86C1-7C3038FACABE}.Release|x86.ActiveCfg = Release|Win32
		{3133787D-A3A9-4A93-86C1-7C3038FACABE}.Release|x86.Build.0 = Release|Win32
		{76C1E89A-CA18-47CC-B390-34BC18CB1344}.Debug|x64.ActiveCfg = Debug|x64
		{76C1E89A-CA18-47CC-B390-34BC18CB1344}.Debug|x64.Build.0 = Debug|x64
		{76C1E89A-CA18-47CC-B390-34BC18CB1344}.Debug|x86.ActiveCfg = Debug|Win32
		{76C1E89A-CA18-47CC-B390-34BC18CB1344}.Debug|x86.Build.0 = Debug|Win32
		{76C1E89A-CA18-47CC-B390-34BC18CB1344}.Release|x64.ActiveCfg = Release|x64
		{76C1E89A-CA18-47CC-B390-34BC18CB1344}.Release|x64.Build.0 = Release|x64
		{76C1E89A-CA18-47CC-B390-34BC18CB1344}.Release|x86.ActiveCfg = Release|Win32
		{76C1E89A-CA18-47CC-B390-34BC18CB1344}.Release|x86.Build.0 = Release|Win32
		{274E957A-6B68-4B8A-85ED-45BC7AEFAF5B}.Debug|x64.ActiveCfg = Debug|x64
		{274E957A-6B68-4B8A-85ED-45BC7AEFAF5B}.Debug|x64.Build.0 = Debug|x64
		{274E957A-6B68-4B8A-85ED-45BC7AEFAF5B}.Debug|x86.ActiveCfg = Debug|Win32
		{274E957A-6B68-4B8A-85ED-45BC7AEFAF5B}.Debug|x86.Build.0 = Debug|Win32
		{274E957A-6B68-4B8A-85ED-45BC7AEFAF5B}.Release|x64.ActiveCfg = Release|x64
		{274E957A-6B68-4B8A-85ED-45BC7AEFAF5B}.Release|x64.Build.0 = Release|x64
		{274E957A-6B68-4B8A-85ED-45BC7AEFAF5B}.Release|x86.ActiveCfg = Release|Win32
		{274E957A-6B68-4B8A-85ED-45BC7AEFAF5B}.Release|x86.Build.0 = Release|Win32
		{AD708ACD-6191-4A0D-ABDB-73C1A8304DE8}.Debug|x64.ActiveCfg = Debug|x64
		{AD708ACD-6191-4A0D-ABDB-73C1A8304DE8}.Debug|x64.Build.0 = Debug|x64
		{AD708ACD-6191-4A0D-ABDB-73C1A8304DE8}.Debug|x86.ActiveCfg = Debug|Win32
		{AD708ACD-6191-4A0D-ABDB-73C1A8304DE8}.Debug|x86.Build.0 = Debug|Win32
		{AD708ACD-6191-4A0D-ABDB-73C1A8304DE8}.Release|x64.ActiveCfg = Release|x64
		{AD708ACD-6191-4A0D-ABDB-73C1A8304DE8}.Release|x64.Build.0 = Release|x64
		{AD708ACD-6191-4A0D-ABDB-73C1A8304DE8}.Release|x86.ActiveCfg = Release|Win32
		{AD708ACD-6191-4A0D-ABDB-73C1A8304DE8}.Release|x86.Build.0 = Release|Win32
		{7A6647A9-3500-4EC7-98A4-F7A81692FCD9}.Debug|x64.ActiveCfg = Debug|x64
		{7A6647A9-3500-4EC7-98A4-F7A81692FCD9}.Debug|x64.Build.0 = Debug|x64
		{7A6647A9-3500-4EC7-98A4-F7A81692FCD9}.Debug|x86.ActiveCfg = Debug|Win32
		{7A6647A9-3500-4EC7-98A4-F7A81692FCD9}.Debug|x86.Build.0 = Debug|Win32
		{7A6647A9-3500-4EC7-98A4-F7A81692FCD9}.Release|x64.ActiveCfg = Release|x64
		{7A6647A9-3500-4EC7-98A4-F7A81692FCD9}.Release|x64.Build.0 = Release|x64
		{7A6647A9-3500-4EC7-98A4-F7A81692FCD9}.Release|x86.ActiveCfg = Release|Win32
		{7A6647A9-3500-4EC7-98A4-F7A81692FCD9}.Release|x86.Build.0 = Release|Win32
		{4D758E3E-E829-4ABD-A516-401E9DDF5084}.Debug|x64.ActiveCfg = Debug|x64
		{4D758E3E-E829-4ABD-A516-401E9DDF5084}.Debug|x64.Build.0 = Debug|x64
		{4D758E3E-E829-4ABD-A516-401E9DDF5084}.Debug|x86.ActiveCfg = Debug|Win32
		{4D758E3E-E829-4ABD-A516-401E9DDF5084}.Debug|x86.Build.0 = Debug|Win32
		{4D758E3E-E829-4ABD-A516-401E9DDF5084}.Release|x64.ActiveCfg = Release|x64
		{4D758E3E-E829-4ABD-A516-401E9DDF5084}.Release|x64.Build.0 = Release|x64
		{4D758E3E-E829-4ABD-A516-401E9DDF5084}.Release|x86.ActiveCfg = Release|Win32
		{4D758E3E-E829-4ABD-A516-401E9DDF5084}.Release|x86.Build.0 = Release|Win32
		{D38C285F-1EB6-4C11-AE1A-1DDF3DA544FE}.Debug|x64.ActiveCfg = Debug|x64
		{D38C285F-1EB6-4C11-AE1A-1DDF3DA544FE}.Debug|x64.Build.0 = Debug|x64
		{D38C285F-1EB6-4C11-AE1A-1DDF3DA544FE}.Debug|x86.ActiveCfg = Debug|Win32
		{D38C285F-1EB6-4C11-AE1A-1DDF3DA544FE}.Debug|x86.Build.0 = Debug|Win32
		{D38C285F-1EB6-4C11-AE1A-1DDF3DA544FE}.Release|x64.ActiveCfg = Release|x64
		{D38C285F-1EB6-4C11-AE1A-1DDF3DA544FE}.Release|x64.Build.0 = Release|x64
		{D38C285F-1EB6-4C11-AE1A-1DDF3DA544FE}.Release|x86.ActiveCfg = Release|Win32
		{D38C285F-1EB6-4C11-AE1A-1DDF3DA544FE}.Release|x86.Build.0 = Release|Win32
		{FB0F1123-8DAE-4ADA-A5D2-DD0604746AD6}.Debug|x64.ActiveCfg = Debug|x64
		{FB0F1123-8DAE-4ADA-A5D2-DD0604746AD6}.Debug|x64.Build.0 = Debug|x64
		{FB0F1123-8DAE-4ADA-A5D2-DD0604746AD6}.Debug|x86.ActiveCfg = Debug|Win32
		{FB0F1123-8DAE-4ADA-A5D2-DD0604746AD6}.Debug|x86.Build.0 = Debug|Win32
		{FB0F1123-8DAE-4ADA-A5D2-DD0604746AD6}.Release|x64.ActiveCfg = Release|x64
		{FB0F1123-8DAE-4ADA-A5D2-DD0604746AD6}.Release|x64.Build.0 = Release|x64
		{FB0F1123-8DAE-4ADA-A5D2-DD0604746AD6}.Release|x86.ActiveCfg = Release|Win32
		{FB0F1123-8DAE-4ADA-A5D2-DD0604746AD6}.Release|x86.Build.0 = Release|Win32
		{DACA9AA8-1F69-4AD6-870F-E1555EE7FCFD}.Debug|x64.ActiveCfg = Debug|x64
		{DACA9AA8-1F69-4AD6-870F-E1555EE7FCFD}.Debug|x64.Build.0 = Debug|x64
		{DACA9AA8-1F69-4AD6-870F-E1555EE7FCFD}.Debug|x86.ActiveCfg = Debug|Win32
		{DACA9AA8-1F69-4AD6-870F-E1555EE7FCFD}.Debug|x86.Build.0 = Debug|Win32
		{DACA9AA8-1F69-4AD6-870F-E1555EE7FCFD}.Release|x64.ActiveCfg = Release|x64
		{DACA9AA8-1F69-4AD6-870F-E1555EE7FCFD}.Release|x64.Build.0 = Release|x64
		{DACA9AA8-1F69-4AD6-870F-E1555EE7FCFD}.Release|x86.ActiveCfg = Release|Win32
		{DACA9AA8-1F69-4AD6-870F-E1555EE7FCFD}.Release|x86.Build.0 = Release|Win32
		{1BB5553E-3658-42F6-A672-538340D0337D}.Debug|x64.ActiveCfg = Debug|x64
		{1BB5553E-3658-42F6-A672-538340D0337D}.Debug|x64.Build.0 = Debug|x64
		{1BB5553E-3658-42F6-A672-538340D0337D}.Debug|x86.ActiveCfg = Debug|Win32
		{1BB5553E-3658-42F6-A672-538340D0337D}.Debug|x86.Build.0 = Debug|Win32
		{1BB5553E-3658-42F6-A672-538340D0337D}.Release|x64.ActiveCfg = Release|x64
		{1BB5553E-3658-42F6-A672-538340D0337D}.Release|x64.Build.0 = Release|x64
		{1BB5553E-3658-42F6-A672-538340D0337D}.Release|x86.ActiveCfg = Release|Win32
		{1BB5553E-3658-42F6-A672-538340D0337D}.Release|x86.Build.0 = Release|Win32
		{B0CF46E3-4638-4AC3-A7B2-6FE37567E85B}.Debug|x64.ActiveCfg = Debug|x64
		{B0CF46E3-4638-4AC3-A7B2-6FE37567E85B}.Debug|x64.Build.0 = Debug|x64
		{B0CF46E3-4638-4AC3-A7B2-6FE37567E85B}.Debug|x86.ActiveCfg = Debug|Win32
		{B0CF46E3-4638-4AC3-A7B2-6FE37567E85B}.Debug|x86.Build.0 = Debug|Win32
		{B0CF46E3-4638-4AC3-A7B2-6FE37567E85B}.Release|x64.ActiveCfg = Release|x64
		{B0CF46E3-4638-4AC3-A7B2-6FE37567E85B}.Release|x64.Build.0 = Release|x64
		{B0CF46E3-4638-4AC3-A7B2-6FE37567E85B}.Release|x86.ActiveCfg = Release|Win32
		{B0CF46E3-4638-4AC3-A7B2-6FE37567E85B}.Release|x86.Build.0 = Release|Win32
		{942A29E5-573D-493B-B524-27F752EC3F59}.Debug|x64.ActiveCfg = Debug|x64
		{942A29E5-573D-493B-B524-27F752EC3F59}.Debug|x64.Build.0 = Debug|x64
		{942A29E5-573D-493B-B524-27F752EC3F59}.Debug|x86.ActiveCfg = Debug|Win32
		{942A29E5-573D-493B-B524-27F752EC3F59}.Debug|x86.Build.0 = Debug|Win32
		{942A29E5-573D-493B-B524-27F752EC3F59}.Release|x64.ActiveCfg = Release|x64
		{942A29E5-573D-493B-B524-27F752EC3F59}.Release|x64.Build.0 = Release|x64
		{942A29E5-573D-493B-B524-27F752EC3F59}.Release|x86.ActiveCfg = Release|Win32
		{942A29E5-573D-493B-B524-27F752EC3F59}.Release|x86.Build.0 = Release|Win32
		{A5526DC8-7817-4631-BB6D-242AE7D4C7C6}.Debug|x64.ActiveCfg = Debug|x64
		{A5526DC8-7817-4631-BB6D-242AE7D4C7C6}.Debug|x64.Build.0 = Debug|x64
		{A5526DC8-7817-4631-BB6D-242AE7D4C7C6}.Debug|x86.ActiveCfg = Debug|Win32
		{A5526DC8-7817-4631-BB6D-242AE7D4C7C6}.Debug|x86.Build.0 = Debug|Win32
		{A5526DC8-7817-4631-BB6D-242AE7D4C7C6}.Release|x64.ActiveCfg = Release|x64
		{A5526DC8-7817-4631-BB6D-242AE7D4C7C6}.Release|x64.Build.0 = Release|x64
		{A5526DC8-7817-4631-BB6D-242AE7D4C7C6}.Release|x86.ActiveCfg = Release|Win32
		{A5526DC8-7817-4631-BB6D-242AE7D4C7C6}.Release|x86.Build.0 = Release|Win32
		{AB7263DC-DA4C-4F5B-961C-1BA984C38D3D}.Debug|x64.ActiveCfg = Debug|x64
		{AB7263DC-DA4C-4F5B-961C-1BA984C38D3D}.Debug|x64.Build.0 = Debug|x64
		{AB7263DC-DA4C-4F5B-961C-1BA984C38D3D}.Debug|x86.ActiveCfg = Debug|Win32
		{AB7263DC-DA4C-4F5B-961C-1BA984C38D3D}.Debug|x86.Build.0 = Debug|Win32
		{AB7263DC-DA4C-4F5B-961C-1BA984C38D3D}.Release|x64.ActiveCfg = Release|x64
		{AB7263DC-DA4C-4F5B-961C-1BA984C38D3D}.Release|x64.Build.0 = Release|x64
		{AB7263DC-DA4C-4F5B-961C-1BA984C38D3D}.Release|x86.ActiveCfg = Release|Win32
		{AB7263DC-DA4C-4F5B-961C-1BA984C38D3D}.Release|x86.Build.0 = Release|Win32
		{2CAB3E07-55A0-4D5C-9A8E-F7F2A13887AE}.Debug|x64.ActiveCfg = Debug|x64
		{2CAB3E07-55A0-4D5C-9A8E-F7F2A13887AE}.Debug|x64.Build.0 = Debug|x64
		{2CAB3E07-55A0-4D5C-9A8E-F7F2A13887AE}.Debug|x86.ActiveCfg = Debug|Win32
		{2CAB3E07-55A0-4D5C-9A8E-F7F2A13887AE}.Debug|x86.Build.0 = Debug|Win32
		{2CAB3E07-55A0-4D5C-9A8E-F7F2A13887AE}.Release|x64.ActiveCfg = Release|x64
		{2CAB3E07-55A0-4D5C-9A8E-F7F2A13887AE}.Release|x64.Build.0 = Release|x64
		{2CAB3E07-55A0-4D5C-9A8E-F7F2A13887AE}.Release|x86.ActiveCfg = Release|Win32
		{2CAB3E07-55A0-4D5C-9A8E-F7F2A13887AE}.Release|x86.Build.0 = Release|Win32
		{06FBF46C-D0E4-4063-B539-4EA9B403F955}.Debug|x64.ActiveCfg = Debug|x64
		{06FBF46C-D0E4-4063-B539-4EA9B403F955}.Debug|x64.Build.0 = Debug|x64
		{06FBF46C-D0E4-4063-B539-4EA9B403F955}.Debug|x86.ActiveCfg = Debug|Win32
		{06FBF46C-D0E4-4063-B539-4EA9B403F955}.Debug|x86.Build.0 = Debug|Win32
		{06FBF46C-D0E4-4063-B539-4EA9B403F955}.Release|x64.ActiveCfg = Release|x64
		{06FBF46C-D0E4-4063-B539-4EA9B403F955}.Release|x64.Build.0 = Release|x64
		{06FBF46C-D0E4-4063-B539-4EA9B403F955}.Release|x86.ActiveCfg = Release|Win32
		{06FBF46C-D0E4-4063-B539-4EA9B403F955}.Release|x86.Build.0 = Release|Win32
		{BCF21B40-8966-4D7E-A76D-D4110D40DD7B}.Debug|x64.ActiveCfg = Debug|x64
		{BCF21B40-8966-4D7E-A76D-D4110D40DD7B}.Debug|x64.Build.0 = Debug|x64
		{BCF21B40-8966-4D7E-A76D-D4110D40DD7B}.Debug|x86.ActiveCfg = Debug|Win32
		{BCF21B40-8966-4D7E-A76D-D4110D40DD7B}.Debug|x86.Build.0 = Debug|Win32
		{BCF21B40-8966-4D7E-A76D-D4110D40DD7B}.Release|x64.ActiveCfg = Release|x64
		{BCF21B40-8966-4D7E-A76D-D4110D40DD7B}.Release|x64.Build.0 = Release|x64
		{BCF21B40-8966-4D7E-A76D-D4110D40DD7B}.Release|x86.ActiveCfg = Release|Win32
		{BCF21B40-8966-4D7E-A76D-D4110D40DD7B}.Release|x86.Build.0 = Release|Win32
		{2240A142-DFCD-459A-846B-A02145F8B47C}.Debug|x64.ActiveCfg = Debug|x64
		{2240A142-DFCD-459A-846B-A02145F8B47C}.Debug|x64.Build.0 = Debug|x64
		{2240A142-DFCD-459A-846B-A02145F8B47C}.Debug|x86.ActiveCfg = Debug|Win32
		{2240A142-DFCD-459A-846B-A02145F8B47C}.Debug|x86.Build.0 = Debug|Win32
		{2240A142-DFCD-459A-846B-A02145F8B47C}.Release|x64.ActiveCfg = Release|x64
		{2240A142-DFCD-459A-846B-A02145F8B47C}.Release|x64.Build.0 = Release|x64
		{2240A142-DFCD-459A-846B-A02145F8B47C}.Release|x86.ActiveCfg = Release|Win32
		{2240A142-DFCD-459A-846B-A02145F8B47C}.Release|x86.Build.0 = Release|Win32
		{2DEC9E32-6ED0-4A4E-AEFF-22DAFED5CC65}.Debug|x64.ActiveCfg = Debug|x64
		{2DEC9E32-6ED0-4A4E-AEFF-22DAFED5CC65}.Debug|x64.Build.0 = Debug|x64
		{2DEC9E32-6ED0-4A4E-AEFF-22DAFED5CC65}.Debug|x86.ActiveCfg = Debug|Win32
		{2DEC9E32-6ED0-4A4E-AEFF-22DAFED5CC65}.Debug|x86.Build.0 = Debug|Win32
		{2DEC9E32-6ED0-4A4E-AEFF-22DAFED5CC65}.Release|x64.ActiveCfg = Release|x64
		{2DEC9E32-6ED0-4A4E-AEFF-22DAFED5CC65}.Release|x64.Build.0 = Release|x64
		{2DEC9E32-6ED0-4A4E-AEFF-22DAFED5CC65}.Release|x86.ActiveCfg = Release|Win32
		{2DEC9E32-6ED0-4A4E-AEFF-22DAFED5CC65}.Release|x86.Build.0 = Release|Win32
		{B70716F6-9D4A-4EFC-86E0-2848143C766D}.Debug|x64.ActiveCfg = Debug|x64
		{B70716F6-9D4A-4EFC-86E0-2848143C766D}.Debug|x64.Build.0 = Debug|x64
		{B70716F6-9D4A-4EFC-86E0-2848143C766D}.Debug|x86.ActiveCfg = Debug|Win32
		{B70716F6-9D4A-4EFC-86E0-2848143C766D}.Debug|x86.Build.0 = Debug|Win32
		{B70716F6-9D4A-4EFC-86E0-2848143C766D}.Release|x64.ActiveCfg = Release|x64
		{B70716F6-9D4A-4EFC-86E0-2848143C766D}.Release|x64.Build.0 = Release|x64
		{B70716F6-9D4A-4EFC-86E0-2848143C766D}.Release|x86.ActiveCfg = Release|Win32
		{B70716F6-9D4A-4EFC-86E0-2848143C766D}.Release|x86.Build.0 = Release|Win32
		{624148A9-3A11-4C77-B705-5E8666C603D3}.Debug|x64.ActiveCfg = Debug|x64
		{624148A9-3A11-4C77-B705-5E8666C603D3}.Debug|x64.Build.0 = Debug|x64
		{624148A9-3A11-4C77-B705-5E8666C603D3}.Debug|x86.ActiveCfg = Debug|Win32
		{624148A9-3A11-4C77-B705-5E8666C603D3}.Debug|x86.Build.0 = Debug|Win32
		{624148A9-3A11-4C77-B705-5E8666C603D3}.Release|x64.ActiveCfg = Release|x64
		{624148A9-3A11-4C77-B705-5E8666C603D3}.Release|x64.Build.0 = Release|x64
		{624148A9-3A11-4C77-B705-5E8666C603D3}.Release|x86.ActiveCfg = Release|Win32
		{624148A9-3A11-4C77-B705-5E8666C603D3}.Release|x86.Build.0 = Release|Win32
		{B871D5D5-11FB-4B2B-989F-81FED736C05D}.Debug|x64.ActiveCfg = Debug|x64
		{B871D5D5-11FB-4B2B-989F-81FED736C05D}.Debug|x64.Build.0 = Debug|x64
		{B871D5D5-11FB-4B2B-989F-81FED736C05D}.Debug|x86.ActiveCfg = Debug|Win32
		{B871D5D5-11FB-4B2B-989F-81FED736C05D}.Debug|x86.Build.0 = Debug|Win32
		{B871D5D5-11FB-4B2B-989F-81FED736C05D}.Release|x64.ActiveCfg = Release|x64
		{B871D5D5-11FB-4B2B-989F-81FED736C05D}.Release|x64.Build.0 = Release|x64
		{B871D5D5-11FB-4B2B-989F-81FED736C05D}.Release|x86.ActiveCfg = Release|Win32
		{B871D5D5-11FB-4B2B-989F-81FED736C05D}.Release|x86.Build.0 = Release|Win32
		{9EE4DF18-3B08-46CB-A69E-F1D92F6A68CF}.Debug|x64.ActiveCfg = Debug|x64
		{9EE4DF18-3B08-46CB-A69E-F1D92F6A68CF}.Debug|x64.Build.0 = Debug|x64
		{9EE4DF18-3B08-46CB-A69E-F1D92F6A68CF}.Debug|x86.ActiveCfg = Debug|Win32
		{9EE4DF18-3B08-46CB-A69E-F1D92F6A68CF}.Debug|x86.Build.0 = Debug|Win32
		{9EE4DF18-3B08-46CB-A69E-F1D92F6A68CF}.Release|x64.ActiveCfg = Release|x64
		{9EE4DF18-3B08-46CB-A69E-F1D92F6A68CF}.Release|x64.Build.0 = Release|x64
		{9EE4DF18-3B08-46CB-A69E-F1D92F6A68CF}.Release|x86.ActiveCfg = Release|Win32
		{9EE4DF18-3B08-46CB-A69E-F1D92F6A68CF}.Release|x86.Build.0 = Release|Win32
		{F76EB41E-48C3-48F4-9B75-84853762ECA4}.Debug|x64.ActiveCfg = Debug|x64
		{F76EB41E-48C3-48F4-9B75-84853762ECA4}.Debug|x64.Build.0 = Debug|x64
		{F76EB41E-48C3-48F4-9B75-84853762ECA4}.Debug|x86.ActiveCfg = Debug|Win32
		{F76EB41E-48C3-48F4-9B75-84853762ECA4}.Debug|x86.Build.0 = Debug|Win32
		{F76EB41E-48C3-48F4-9B75-84853762ECA4}.Release|x64.ActiveCfg = Release|x64
		{F76EB41E-48C3-48F4-9B75-84853762ECA4}.Release|x64.Build.0 = Release|x64
		{F76EB41E-48C3-48F4-9B75-84853762ECA4}.Release|x86.ActiveCfg = Release|Win32
		{F76EB41E-48C3-48F4-9B75-84853762ECA4}.Release|x86.Build.0 = Release|Win32
		{8D0B78D9-F936-40C7-AAD1-DB6FAE9EBAEA}.Debug|x64.ActiveCfg = Debug|x64
		{8D0B78D9-F936-40C7-AAD1-DB6FAE9EBAEA}.Debug|x64.Build.0 = Debug|x64
		{8D0B78D9-F936-40C7-AAD1-DB6FAE9EBAEA}.Debug|x86.ActiveCfg = Debug|Win32
		{8D0B78D9-F936-40C7-AAD1-DB6FAE9EBAEA}.Debug|x86.Build.0 = Debug|Win32
		{8D0B78D9-F936-40C7-AAD1-DB6FAE9EBAEA}.Release|x64.ActiveCfg = Release|x64
		{8D0B78D9-F936-40C7-AAD1-DB6FAE9EBAEA}.Release|x64.Build.0 = Release|x64
		{8D0B78D9-F936-40C7-AAD1-DB6FAE9EBAEA}.Release|x86.ActiveCfg = Release|Win32
		{8D0B78D9-F936-40C7-AAD1-DB6FAE9EBAEA}.Release|x86.Build.0 = Release|Win32
		{DBA5EEE8-C84A-4C77-9CAE-C44743D2B359}.Debug|x64.ActiveCfg = Debug|x64
		{DBA5EEE8-C84A-4C77-9CAE-C44743D2B359}.Debug|x64.Build.0 = Debug|x64
		{DBA5EEE8-C84A-4C77-9CAE-C44743D2B359}.Debug|x86.ActiveCfg = Debug|Win32
		{DBA5EEE8-C84A-4C77-9CAE-C44743D2B359}.Debug|x86.Build.0 = Debug|Win32
		{DBA5EEE8-C84A-4C77-9CAE-C44743D2B359}.Release|x64.ActiveCfg = Release|x64
		{DBA5EEE8-C84A-4C77-9CAE-C44743D2B359}.Release|x64.Build.0 = Release|x64
		{DBA5EEE8-C84A-4C77-9CAE-C44743D2B359}.Release|x86.ActiveCfg = Release|Win32
		{DBA5EEE8-C84A-4C77-9CAE-C44743D2B359}.Release|x86.Build.0 = Release|Win32
		{66B96167-A7C5-48D4-9493-5E1C8C3AC406}.Debug|x64.ActiveCfg = Debug|x64
		{66B96167-A7C5-48D4-9493-5E1C8C3AC406}.Debug|x64.Build.0 = Debug|x64
		{66B96167-A7C5-48D4-9493-5E1C8C3AC406}.Debug|x86.ActiveCfg = Debug|Win32
		{66B96167-A7C5-48D4-9493-5E1C8C3AC406}.Debug|x86.Build.0 = Debug|Win32
		{66B96167-A7C5-48D4-9493-5E1C8C3AC406}.Release|x64.ActiveCfg = Release|x64
		{66B96167-A7C5-48D4-9493-5E1C8C3AC406}.Release|x64.Build.0 = Release|x64
		{66B96167-A7C5-48D4-9493-5E1C8C3AC406}.Release|x86.ActiveCfg = Release|Win32
		{66B96167-A7C5-48D4-9493-5E1C8C3AC406}.Release|x86.Build.0 = Release|Win32
		{80B7EBF8-2A80-42B4-9D9C-BAC2290344F6}.Debug|x64.ActiveCfg = Debug|x64
		{80B7EBF8-2A80-42B4-9D9C-BAC2290344F6}.Debug|x64.Build.0 = Debug|x64
		{80B7EBF8-2A80-42B4-9D9C-BAC2290344F6}.Debug|x86.ActiveCfg = Debug|Win32
		{80B7EBF8-2A80-42B4-9D9C-BAC2290344F6}.Debug|x86.Build.0 = Debug|Win32
		{80B7EBF8-2A80-42B4-9D9C-BAC2290344F6}.Release|x64.ActiveCfg = Release|x64
		{80B7EBF8-2A80-42B4-9D9C-BAC2290344F6}.Release|x64.Build.0 = Release|x64
		{80B7EBF8-2A80-42B4-9D9C-BAC2290344F6}.Release|x86.ActiveCfg = Release|Win32
		{80B7EBF8-2A80-42B4-9D9C-BAC2290344F6}.Release|x86.Build.0 = Release|Win32
	EndGlobalSection
	GlobalSection(SolutionProperties) = preSolution
		HideSolutionNode = FALSE
	EndGlobalSection
	GlobalSection(ExtensibilityGlobals) = postSolution
		SolutionGuid = {94974B53-0AB7-4249-A9F3-75E8F8FD10A7}
	EndGlobalSection
EndGlobal
