
Microsoft Visual Studio Solution File, Format Version 12.00
# Visual Studio Version 17
VisualStudioVersion = 17.13.35825.156
MinimumVisualStudioVersion = 10.0.40219.1
Project("{8BC9CEB8-8B4A-11D0-8D11-00A0C91BC942}") = "CppForGames", "CppForGames\CppForGames.vcxproj", "{32507CD9-4C03-4F86-890E-558F2A506D5E}"
EndProject
Project("{8BC9CEB8-8B4A-11D0-8D11-00A0C91BC942}") = "Hello_World", "..\Hello_World\Hello_World\Hello_World.vcxproj", "{341F6769-CD19-4169-A21A-0F09E30D4515}"
EndProject
Project("{8BC9CEB8-8B4A-11D0-8D11-00A0C91BC942}") = "Build Process", "Build Process\Build Process.vcxproj", "{0EBE275D-BE6D-4DAD-9AA7-D650DC6369B7}"
EndProject
Project("{8BC9CEB8-8B4A-11D0-8D11-00A0C91BC942}") = "IO", "IO\IO.vcxproj", "{CFD58C9E-E64F-43CA-AF8B-B44932512819}"
EndProject
Project("{8BC9CEB8-8B4A-11D0-8D11-00A0C91BC942}") = "Greeting", "Greeting\Greeting.vcxproj", "{4DBA5417-6A0B-4ED8-ACDF-363799042E28}"
EndProject
Project("{8BC9CEB8-8B4A-11D0-8D11-00A0C91BC942}") = "File IO", "File IO\File IO.vcxproj", "{5A71CE36-2C0C-44D5-9714-31D8F664FA30}"
EndProject
Project("{8BC9CEB8-8B4A-11D0-8D11-00A0C91BC942}") = "Enums", "Enums\Enums.vcxproj", "{695B7FB5-3DFF-421A-92E9-573530F33AF2}"
EndProject
Global
	GlobalSection(SolutionConfigurationPlatforms) = preSolution
		Debug|x64 = Debug|x64
		Debug|x86 = Debug|x86
		Release|x64 = Release|x64
		Release|x86 = Release|x86
	EndGlobalSection
	GlobalSection(ProjectConfigurationPlatforms) = postSolution
		{32507CD9-4C03-4F86-890E-558F2A506D5E}.Debug|x64.ActiveCfg = Debug|x64
		{32507CD9-4C03-4F86-890E-558F2A506D5E}.Debug|x64.Build.0 = Debug|x64
		{32507CD9-4C03-4F86-890E-558F2A506D5E}.Debug|x86.ActiveCfg = Debug|Win32
		{32507CD9-4C03-4F86-890E-558F2A506D5E}.Debug|x86.Build.0 = Debug|Win32
		{32507CD9-4C03-4F86-890E-558F2A506D5E}.Release|x64.ActiveCfg = Release|x64
		{32507CD9-4C03-4F86-890E-558F2A506D5E}.Release|x64.Build.0 = Release|x64
		{32507CD9-4C03-4F86-890E-558F2A506D5E}.Release|x86.ActiveCfg = Release|Win32
		{32507CD9-4C03-4F86-890E-558F2A506D5E}.Release|x86.Build.0 = Release|Win32
		{341F6769-CD19-4169-A21A-0F09E30D4515}.Debug|x64.ActiveCfg = Debug|x64
		{341F6769-CD19-4169-A21A-0F09E30D4515}.Debug|x64.Build.0 = Debug|x64
		{341F6769-CD19-4169-A21A-0F09E30D4515}.Debug|x86.ActiveCfg = Debug|Win32
		{341F6769-CD19-4169-A21A-0F09E30D4515}.Debug|x86.Build.0 = Debug|Win32
		{341F6769-CD19-4169-A21A-0F09E30D4515}.Release|x64.ActiveCfg = Release|x64
		{341F6769-CD19-4169-A21A-0F09E30D4515}.Release|x64.Build.0 = Release|x64
		{341F6769-CD19-4169-A21A-0F09E30D4515}.Release|x86.ActiveCfg = Release|Win32
		{341F6769-CD19-4169-A21A-0F09E30D4515}.Release|x86.Build.0 = Release|Win32
		{0EBE275D-BE6D-4DAD-9AA7-D650DC6369B7}.Debug|x64.ActiveCfg = Debug|x64
		{0EBE275D-BE6D-4DAD-9AA7-D650DC6369B7}.Debug|x64.Build.0 = Debug|x64
		{0EBE275D-BE6D-4DAD-9AA7-D650DC6369B7}.Debug|x86.ActiveCfg = Debug|Win32
		{0EBE275D-BE6D-4DAD-9AA7-D650DC6369B7}.Debug|x86.Build.0 = Debug|Win32
		{0EBE275D-BE6D-4DAD-9AA7-D650DC6369B7}.Release|x64.ActiveCfg = Release|x64
		{0EBE275D-BE6D-4DAD-9AA7-D650DC6369B7}.Release|x64.Build.0 = Release|x64
		{0EBE275D-BE6D-4DAD-9AA7-D650DC6369B7}.Release|x86.ActiveCfg = Release|Win32
		{0EBE275D-BE6D-4DAD-9AA7-D650DC6369B7}.Release|x86.Build.0 = Release|Win32
		{CFD58C9E-E64F-43CA-AF8B-B44932512819}.Debug|x64.ActiveCfg = Debug|x64
		{CFD58C9E-E64F-43CA-AF8B-B44932512819}.Debug|x64.Build.0 = Debug|x64
		{CFD58C9E-E64F-43CA-AF8B-B44932512819}.Debug|x86.ActiveCfg = Debug|Win32
		{CFD58C9E-E64F-43CA-AF8B-B44932512819}.Debug|x86.Build.0 = Debug|Win32
		{CFD58C9E-E64F-43CA-AF8B-B44932512819}.Release|x64.ActiveCfg = Release|x64
		{CFD58C9E-E64F-43CA-AF8B-B44932512819}.Release|x64.Build.0 = Release|x64
		{CFD58C9E-E64F-43CA-AF8B-B44932512819}.Release|x86.ActiveCfg = Release|Win32
		{CFD58C9E-E64F-43CA-AF8B-B44932512819}.Release|x86.Build.0 = Release|Win32
		{4DBA5417-6A0B-4ED8-ACDF-363799042E28}.Debug|x64.ActiveCfg = Debug|x64
		{4DBA5417-6A0B-4ED8-ACDF-363799042E28}.Debug|x64.Build.0 = Debug|x64
		{4DBA5417-6A0B-4ED8-ACDF-363799042E28}.Debug|x86.ActiveCfg = Debug|Win32
		{4DBA5417-6A0B-4ED8-ACDF-363799042E28}.Debug|x86.Build.0 = Debug|Win32
		{4DBA5417-6A0B-4ED8-ACDF-363799042E28}.Release|x64.ActiveCfg = Release|x64
		{4DBA5417-6A0B-4ED8-ACDF-363799042E28}.Release|x64.Build.0 = Release|x64
		{4DBA5417-6A0B-4ED8-ACDF-363799042E28}.Release|x86.ActiveCfg = Release|Win32
		{4DBA5417-6A0B-4ED8-ACDF-363799042E28}.Release|x86.Build.0 = Release|Win32
		{5A71CE36-2C0C-44D5-9714-31D8F664FA30}.Debug|x64.ActiveCfg = Debug|x64
		{5A71CE36-2C0C-44D5-9714-31D8F664FA30}.Debug|x64.Build.0 = Debug|x64
		{5A71CE36-2C0C-44D5-9714-31D8F664FA30}.Debug|x86.ActiveCfg = Debug|Win32
		{5A71CE36-2C0C-44D5-9714-31D8F664FA30}.Debug|x86.Build.0 = Debug|Win32
		{5A71CE36-2C0C-44D5-9714-31D8F664FA30}.Release|x64.ActiveCfg = Release|x64
		{5A71CE36-2C0C-44D5-9714-31D8F664FA30}.Release|x64.Build.0 = Release|x64
		{5A71CE36-2C0C-44D5-9714-31D8F664FA30}.Release|x86.ActiveCfg = Release|Win32
		{5A71CE36-2C0C-44D5-9714-31D8F664FA30}.Release|x86.Build.0 = Release|Win32
		{695B7FB5-3DFF-421A-92E9-573530F33AF2}.Debug|x64.ActiveCfg = Debug|x64
		{695B7FB5-3DFF-421A-92E9-573530F33AF2}.Debug|x64.Build.0 = Debug|x64
		{695B7FB5-3DFF-421A-92E9-573530F33AF2}.Debug|x86.ActiveCfg = Debug|Win32
		{695B7FB5-3DFF-421A-92E9-573530F33AF2}.Debug|x86.Build.0 = Debug|Win32
		{695B7FB5-3DFF-421A-92E9-573530F33AF2}.Release|x64.ActiveCfg = Release|x64
		{695B7FB5-3DFF-421A-92E9-573530F33AF2}.Release|x64.Build.0 = Release|x64
		{695B7FB5-3DFF-421A-92E9-573530F33AF2}.Release|x86.ActiveCfg = Release|Win32
		{695B7FB5-3DFF-421A-92E9-573530F33AF2}.Release|x86.Build.0 = Release|Win32
	EndGlobalSection
	GlobalSection(SolutionProperties) = preSolution
		HideSolutionNode = FALSE
	EndGlobalSection
	GlobalSection(ExtensibilityGlobals) = postSolution
		SolutionGuid = {94974B53-0AB7-4249-A9F3-75E8F8FD10A7}
	EndGlobalSection
EndGlobal
